// !$*UTF8*$!
{
	archiveVersion = 1;
	classes = {
	};
	objectVersion = 47;
	objects = {

/* Begin PBXBuildFile section */
		40434BE71DBF244C003AEED5 /* ZLPhotoManager.m in Sources */ = {isa = PBXBuildFile; fileRef = 40434BE61DBF244C003AEED5 /* ZLPhotoManager.m */; };
		404AA9D31DA9DCCA001EA811 /* main.m in Sources */ = {isa = PBXBuildFile; fileRef = 404AA9D21DA9DCCA001EA811 /* main.m */; };
		404AA9D61DA9DCCA001EA811 /* AppDelegate.m in Sources */ = {isa = PBXBuildFile; fileRef = 404AA9D51DA9DCCA001EA811 /* AppDelegate.m */; };
		404AA9D91DA9DCCA001EA811 /* ViewController.m in Sources */ = {isa = PBXBuildFile; fileRef = 404AA9D81DA9DCCA001EA811 /* ViewController.m */; };
		404AA9DE1DA9DCCA001EA811 /* Assets.xcassets in Resources */ = {isa = PBXBuildFile; fileRef = 404AA9DD1DA9DCCA001EA811 /* Assets.xcassets */; };
		404AA9E11DA9DCCA001EA811 /* LaunchScreen.storyboard in Resources */ = {isa = PBXBuildFile; fileRef = 404AA9DF1DA9DCCA001EA811 /* LaunchScreen.storyboard */; };
		404AA9F11DAA5748001EA811 /* ZLDiscoverCollectionViewController.m in Sources */ = {isa = PBXBuildFile; fileRef = 404AA9F01DAA5748001EA811 /* ZLDiscoverCollectionViewController.m */; };
		404AA9F41DAA578D001EA811 /* ZLAdCollectionReusableView.m in Sources */ = {isa = PBXBuildFile; fileRef = 404AA9F31DAA578D001EA811 /* ZLAdCollectionReusableView.m */; };
		404AA9F71DAA57B0001EA811 /* ZLMemberCollectionReusableView.m in Sources */ = {isa = PBXBuildFile; fileRef = 404AA9F61DAA57B0001EA811 /* ZLMemberCollectionReusableView.m */; };
		404C8B5C1DAC871E00DBE93B /* ZLPhotoPreviewView.m in Sources */ = {isa = PBXBuildFile; fileRef = 404C8B5B1DAC871E00DBE93B /* ZLPhotoPreviewView.m */; };
		404C8B5F1DAC879000DBE93B /* ZLPhotoPreviewViewCollectionViewCell.m in Sources */ = {isa = PBXBuildFile; fileRef = 404C8B5E1DAC879000DBE93B /* ZLPhotoPreviewViewCollectionViewCell.m */; };
		404C8B621DAC88FF00DBE93B /* ZLPhotoPreviewViewModel.m in Sources */ = {isa = PBXBuildFile; fileRef = 404C8B611DAC88FF00DBE93B /* ZLPhotoPreviewViewModel.m */; };
		404C8B651DAC8C1E00DBE93B /* ZLPhotoPreviewViewController.m in Sources */ = {isa = PBXBuildFile; fileRef = 404C8B641DAC8C1E00DBE93B /* ZLPhotoPreviewViewController.m */; };
		404C8B801DAC97D200DBE93B /* MASCompositeConstraint.m in Sources */ = {isa = PBXBuildFile; fileRef = 404C8B681DAC97D200DBE93B /* MASCompositeConstraint.m */; };
		404C8B811DAC97D200DBE93B /* MASConstraint.m in Sources */ = {isa = PBXBuildFile; fileRef = 404C8B6B1DAC97D200DBE93B /* MASConstraint.m */; };
		404C8B821DAC97D200DBE93B /* MASConstraintMaker.m in Sources */ = {isa = PBXBuildFile; fileRef = 404C8B6D1DAC97D200DBE93B /* MASConstraintMaker.m */; };
		404C8B831DAC97D200DBE93B /* MASLayoutConstraint.m in Sources */ = {isa = PBXBuildFile; fileRef = 404C8B6F1DAC97D200DBE93B /* MASLayoutConstraint.m */; };
		404C8B841DAC97D200DBE93B /* MASViewAttribute.m in Sources */ = {isa = PBXBuildFile; fileRef = 404C8B731DAC97D200DBE93B /* MASViewAttribute.m */; };
		404C8B851DAC97D200DBE93B /* MASViewConstraint.m in Sources */ = {isa = PBXBuildFile; fileRef = 404C8B751DAC97D200DBE93B /* MASViewConstraint.m */; };
		404C8B861DAC97D200DBE93B /* NSArray+MASAdditions.m in Sources */ = {isa = PBXBuildFile; fileRef = 404C8B771DAC97D200DBE93B /* NSArray+MASAdditions.m */; };
		404C8B871DAC97D200DBE93B /* NSLayoutConstraint+MASDebugAdditions.m in Sources */ = {isa = PBXBuildFile; fileRef = 404C8B7A1DAC97D200DBE93B /* NSLayoutConstraint+MASDebugAdditions.m */; };
		404C8B881DAC97D200DBE93B /* View+MASAdditions.m in Sources */ = {isa = PBXBuildFile; fileRef = 404C8B7C1DAC97D200DBE93B /* View+MASAdditions.m */; };
		404C8B891DAC97D200DBE93B /* ViewController+MASAdditions.m in Sources */ = {isa = PBXBuildFile; fileRef = 404C8B7F1DAC97D200DBE93B /* ViewController+MASAdditions.m */; };
		404D9C021DAB8E5800C37987 /* ZLInfiniteScrollingView.m in Sources */ = {isa = PBXBuildFile; fileRef = 404D9C011DAB8E5800C37987 /* ZLInfiniteScrollingView.m */; };
		404D9C061DAB8EB600C37987 /* ZLInfiniteScrollingCell.m in Sources */ = {isa = PBXBuildFile; fileRef = 404D9C051DAB8EB600C37987 /* ZLInfiniteScrollingCell.m */; };
		404D9C091DAB939B00C37987 /* ZLDiscoverDetailViewController.m in Sources */ = {isa = PBXBuildFile; fileRef = 404D9C081DAB939B00C37987 /* ZLDiscoverDetailViewController.m */; };
		404D9C0D1DABA1DB00C37987 /* ZLBannerView.m in Sources */ = {isa = PBXBuildFile; fileRef = 404D9C0C1DABA1DB00C37987 /* ZLBannerView.m */; };
		404D9C101DABA25800C37987 /* ZLBannerCollectionViewCell.m in Sources */ = {isa = PBXBuildFile; fileRef = 404D9C0F1DABA25800C37987 /* ZLBannerCollectionViewCell.m */; };
		404D9C341DABAB3600C37987 /* MKAnnotationView+WebCache.m in Sources */ = {isa = PBXBuildFile; fileRef = 404D9C141DABAB3600C37987 /* MKAnnotationView+WebCache.m */; };
		404D9C351DABAB3600C37987 /* NSData+ImageContentType.m in Sources */ = {isa = PBXBuildFile; fileRef = 404D9C161DABAB3600C37987 /* NSData+ImageContentType.m */; };
		404D9C361DABAB3600C37987 /* SDImageCache.m in Sources */ = {isa = PBXBuildFile; fileRef = 404D9C181DABAB3600C37987 /* SDImageCache.m */; };
		404D9C371DABAB3600C37987 /* SDWebImageCompat.m in Sources */ = {isa = PBXBuildFile; fileRef = 404D9C1A1DABAB3600C37987 /* SDWebImageCompat.m */; };
		404D9C381DABAB3600C37987 /* SDWebImageDecoder.m in Sources */ = {isa = PBXBuildFile; fileRef = 404D9C1C1DABAB3600C37987 /* SDWebImageDecoder.m */; };
		404D9C391DABAB3600C37987 /* SDWebImageDownloader.m in Sources */ = {isa = PBXBuildFile; fileRef = 404D9C1E1DABAB3600C37987 /* SDWebImageDownloader.m */; };
		404D9C3A1DABAB3600C37987 /* SDWebImageDownloaderOperation.m in Sources */ = {isa = PBXBuildFile; fileRef = 404D9C201DABAB3600C37987 /* SDWebImageDownloaderOperation.m */; };
		404D9C3B1DABAB3600C37987 /* SDWebImageManager.m in Sources */ = {isa = PBXBuildFile; fileRef = 404D9C221DABAB3600C37987 /* SDWebImageManager.m */; };
		404D9C3C1DABAB3600C37987 /* SDWebImagePrefetcher.m in Sources */ = {isa = PBXBuildFile; fileRef = 404D9C251DABAB3600C37987 /* SDWebImagePrefetcher.m */; };
		404D9C3D1DABAB3600C37987 /* UIButton+WebCache.m in Sources */ = {isa = PBXBuildFile; fileRef = 404D9C271DABAB3600C37987 /* UIButton+WebCache.m */; };
		404D9C3E1DABAB3600C37987 /* UIImage+GIF.m in Sources */ = {isa = PBXBuildFile; fileRef = 404D9C291DABAB3600C37987 /* UIImage+GIF.m */; };
		404D9C3F1DABAB3600C37987 /* UIImage+MultiFormat.m in Sources */ = {isa = PBXBuildFile; fileRef = 404D9C2B1DABAB3600C37987 /* UIImage+MultiFormat.m */; };
		404D9C401DABAB3600C37987 /* UIImage+WebP.m in Sources */ = {isa = PBXBuildFile; fileRef = 404D9C2D1DABAB3600C37987 /* UIImage+WebP.m */; };
		404D9C411DABAB3600C37987 /* UIImageView+HighlightedWebCache.m in Sources */ = {isa = PBXBuildFile; fileRef = 404D9C2F1DABAB3600C37987 /* UIImageView+HighlightedWebCache.m */; };
		404D9C421DABAB3600C37987 /* UIImageView+WebCache.m in Sources */ = {isa = PBXBuildFile; fileRef = 404D9C311DABAB3600C37987 /* UIImageView+WebCache.m */; };
		404D9C431DABAB3600C37987 /* UIView+WebCacheOperation.m in Sources */ = {isa = PBXBuildFile; fileRef = 404D9C331DABAB3600C37987 /* UIView+WebCacheOperation.m */; };
		4087386A1DBDF83700495F61 /* ZLSharingMenuViewController.m in Sources */ = {isa = PBXBuildFile; fileRef = 408738691DBDF83700495F61 /* ZLSharingMenuViewController.m */; };
		4088938D1DAAA3BD00726C6E /* ZLDiscoverCollectionViewCell.m in Sources */ = {isa = PBXBuildFile; fileRef = 4088938C1DAAA3BD00726C6E /* ZLDiscoverCollectionViewCell.m */; };
/* End PBXBuildFile section */

/* Begin PBXFileReference section */
		40434BE51DBF244C003AEED5 /* ZLPhotoManager.h */ = {isa = PBXFileReference; fileEncoding = 4; lastKnownFileType = sourcecode.c.h; path = ZLPhotoManager.h; sourceTree = "<group>"; };
		40434BE61DBF244C003AEED5 /* ZLPhotoManager.m */ = {isa = PBXFileReference; fileEncoding = 4; lastKnownFileType = sourcecode.c.objc; path = ZLPhotoManager.m; sourceTree = "<group>"; };
		404AA9CE1DA9DCCA001EA811 /* Tutorial-UICollectionView.app */ = {isa = PBXFileReference; explicitFileType = wrapper.application; includeInIndex = 0; path = "Tutorial-UICollectionView.app"; sourceTree = BUILT_PRODUCTS_DIR; };
		404AA9D21DA9DCCA001EA811 /* main.m */ = {isa = PBXFileReference; lastKnownFileType = sourcecode.c.objc; path = main.m; sourceTree = "<group>"; };
		404AA9D41DA9DCCA001EA811 /* AppDelegate.h */ = {isa = PBXFileReference; lastKnownFileType = sourcecode.c.h; path = AppDelegate.h; sourceTree = "<group>"; };
		404AA9D51DA9DCCA001EA811 /* AppDelegate.m */ = {isa = PBXFileReference; lastKnownFileType = sourcecode.c.objc; path = AppDelegate.m; sourceTree = "<group>"; };
		404AA9D71DA9DCCA001EA811 /* ViewController.h */ = {isa = PBXFileReference; lastKnownFileType = sourcecode.c.h; path = ViewController.h; sourceTree = "<group>"; };
		404AA9D81DA9DCCA001EA811 /* ViewController.m */ = {isa = PBXFileReference; lastKnownFileType = sourcecode.c.objc; path = ViewController.m; sourceTree = "<group>"; };
		404AA9DD1DA9DCCA001EA811 /* Assets.xcassets */ = {isa = PBXFileReference; lastKnownFileType = folder.assetcatalog; path = Assets.xcassets; sourceTree = "<group>"; };
		404AA9E01DA9DCCA001EA811 /* Base */ = {isa = PBXFileReference; lastKnownFileType = file.storyboard; name = Base; path = Base.lproj/LaunchScreen.storyboard; sourceTree = "<group>"; };
		404AA9E21DA9DCCA001EA811 /* Info.plist */ = {isa = PBXFileReference; lastKnownFileType = text.plist.xml; path = Info.plist; sourceTree = "<group>"; };
		404AA9EF1DAA5748001EA811 /* ZLDiscoverCollectionViewController.h */ = {isa = PBXFileReference; fileEncoding = 4; lastKnownFileType = sourcecode.c.h; path = ZLDiscoverCollectionViewController.h; sourceTree = "<group>"; };
		404AA9F01DAA5748001EA811 /* ZLDiscoverCollectionViewController.m */ = {isa = PBXFileReference; fileEncoding = 4; lastKnownFileType = sourcecode.c.objc; path = ZLDiscoverCollectionViewController.m; sourceTree = "<group>"; };
		404AA9F21DAA578D001EA811 /* ZLAdCollectionReusableView.h */ = {isa = PBXFileReference; fileEncoding = 4; lastKnownFileType = sourcecode.c.h; path = ZLAdCollectionReusableView.h; sourceTree = "<group>"; };
		404AA9F31DAA578D001EA811 /* ZLAdCollectionReusableView.m */ = {isa = PBXFileReference; fileEncoding = 4; lastKnownFileType = sourcecode.c.objc; path = ZLAdCollectionReusableView.m; sourceTree = "<group>"; };
		404AA9F51DAA57B0001EA811 /* ZLMemberCollectionReusableView.h */ = {isa = PBXFileReference; fileEncoding = 4; lastKnownFileType = sourcecode.c.h; path = ZLMemberCollectionReusableView.h; sourceTree = "<group>"; };
		404AA9F61DAA57B0001EA811 /* ZLMemberCollectionReusableView.m */ = {isa = PBXFileReference; fileEncoding = 4; lastKnownFileType = sourcecode.c.objc; path = ZLMemberCollectionReusableView.m; sourceTree = "<group>"; };
		404C8B5A1DAC871E00DBE93B /* ZLPhotoPreviewView.h */ = {isa = PBXFileReference; fileEncoding = 4; lastKnownFileType = sourcecode.c.h; path = ZLPhotoPreviewView.h; sourceTree = "<group>"; };
		404C8B5B1DAC871E00DBE93B /* ZLPhotoPreviewView.m */ = {isa = PBXFileReference; fileEncoding = 4; lastKnownFileType = sourcecode.c.objc; path = ZLPhotoPreviewView.m; sourceTree = "<group>"; };
		404C8B5D1DAC879000DBE93B /* ZLPhotoPreviewViewCollectionViewCell.h */ = {isa = PBXFileReference; fileEncoding = 4; lastKnownFileType = sourcecode.c.h; path = ZLPhotoPreviewViewCollectionViewCell.h; sourceTree = "<group>"; };
		404C8B5E1DAC879000DBE93B /* ZLPhotoPreviewViewCollectionViewCell.m */ = {isa = PBXFileReference; fileEncoding = 4; lastKnownFileType = sourcecode.c.objc; path = ZLPhotoPreviewViewCollectionViewCell.m; sourceTree = "<group>"; };
		404C8B601DAC88FF00DBE93B /* ZLPhotoPreviewViewModel.h */ = {isa = PBXFileReference; fileEncoding = 4; lastKnownFileType = sourcecode.c.h; path = ZLPhotoPreviewViewModel.h; sourceTree = "<group>"; };
		404C8B611DAC88FF00DBE93B /* ZLPhotoPreviewViewModel.m */ = {isa = PBXFileReference; fileEncoding = 4; lastKnownFileType = sourcecode.c.objc; path = ZLPhotoPreviewViewModel.m; sourceTree = "<group>"; };
		404C8B631DAC8C1E00DBE93B /* ZLPhotoPreviewViewController.h */ = {isa = PBXFileReference; fileEncoding = 4; lastKnownFileType = sourcecode.c.h; path = ZLPhotoPreviewViewController.h; sourceTree = "<group>"; };
		404C8B641DAC8C1E00DBE93B /* ZLPhotoPreviewViewController.m */ = {isa = PBXFileReference; fileEncoding = 4; lastKnownFileType = sourcecode.c.objc; path = ZLPhotoPreviewViewController.m; sourceTree = "<group>"; };
		404C8B671DAC97D200DBE93B /* MASCompositeConstraint.h */ = {isa = PBXFileReference; fileEncoding = 4; lastKnownFileType = sourcecode.c.h; path = MASCompositeConstraint.h; sourceTree = "<group>"; };
		404C8B681DAC97D200DBE93B /* MASCompositeConstraint.m */ = {isa = PBXFileReference; fileEncoding = 4; lastKnownFileType = sourcecode.c.objc; path = MASCompositeConstraint.m; sourceTree = "<group>"; };
		404C8B691DAC97D200DBE93B /* MASConstraint+Private.h */ = {isa = PBXFileReference; fileEncoding = 4; lastKnownFileType = sourcecode.c.h; path = "MASConstraint+Private.h"; sourceTree = "<group>"; };
		404C8B6A1DAC97D200DBE93B /* MASConstraint.h */ = {isa = PBXFileReference; fileEncoding = 4; lastKnownFileType = sourcecode.c.h; path = MASConstraint.h; sourceTree = "<group>"; };
		404C8B6B1DAC97D200DBE93B /* MASConstraint.m */ = {isa = PBXFileReference; fileEncoding = 4; lastKnownFileType = sourcecode.c.objc; path = MASConstraint.m; sourceTree = "<group>"; };
		404C8B6C1DAC97D200DBE93B /* MASConstraintMaker.h */ = {isa = PBXFileReference; fileEncoding = 4; lastKnownFileType = sourcecode.c.h; path = MASConstraintMaker.h; sourceTree = "<group>"; };
		404C8B6D1DAC97D200DBE93B /* MASConstraintMaker.m */ = {isa = PBXFileReference; fileEncoding = 4; lastKnownFileType = sourcecode.c.objc; path = MASConstraintMaker.m; sourceTree = "<group>"; };
		404C8B6E1DAC97D200DBE93B /* MASLayoutConstraint.h */ = {isa = PBXFileReference; fileEncoding = 4; lastKnownFileType = sourcecode.c.h; path = MASLayoutConstraint.h; sourceTree = "<group>"; };
		404C8B6F1DAC97D200DBE93B /* MASLayoutConstraint.m */ = {isa = PBXFileReference; fileEncoding = 4; lastKnownFileType = sourcecode.c.objc; path = MASLayoutConstraint.m; sourceTree = "<group>"; };
		404C8B701DAC97D200DBE93B /* Masonry.h */ = {isa = PBXFileReference; fileEncoding = 4; lastKnownFileType = sourcecode.c.h; path = Masonry.h; sourceTree = "<group>"; };
		404C8B711DAC97D200DBE93B /* MASUtilities.h */ = {isa = PBXFileReference; fileEncoding = 4; lastKnownFileType = sourcecode.c.h; path = MASUtilities.h; sourceTree = "<group>"; };
		404C8B721DAC97D200DBE93B /* MASViewAttribute.h */ = {isa = PBXFileReference; fileEncoding = 4; lastKnownFileType = sourcecode.c.h; path = MASViewAttribute.h; sourceTree = "<group>"; };
		404C8B731DAC97D200DBE93B /* MASViewAttribute.m */ = {isa = PBXFileReference; fileEncoding = 4; lastKnownFileType = sourcecode.c.objc; path = MASViewAttribute.m; sourceTree = "<group>"; };
		404C8B741DAC97D200DBE93B /* MASViewConstraint.h */ = {isa = PBXFileReference; fileEncoding = 4; lastKnownFileType = sourcecode.c.h; path = MASViewConstraint.h; sourceTree = "<group>"; };
		404C8B751DAC97D200DBE93B /* MASViewConstraint.m */ = {isa = PBXFileReference; fileEncoding = 4; lastKnownFileType = sourcecode.c.objc; path = MASViewConstraint.m; sourceTree = "<group>"; };
		404C8B761DAC97D200DBE93B /* NSArray+MASAdditions.h */ = {isa = PBXFileReference; fileEncoding = 4; lastKnownFileType = sourcecode.c.h; path = "NSArray+MASAdditions.h"; sourceTree = "<group>"; };
		404C8B771DAC97D200DBE93B /* NSArray+MASAdditions.m */ = {isa = PBXFileReference; fileEncoding = 4; lastKnownFileType = sourcecode.c.objc; path = "NSArray+MASAdditions.m"; sourceTree = "<group>"; };
		404C8B781DAC97D200DBE93B /* NSArray+MASShorthandAdditions.h */ = {isa = PBXFileReference; fileEncoding = 4; lastKnownFileType = sourcecode.c.h; path = "NSArray+MASShorthandAdditions.h"; sourceTree = "<group>"; };
		404C8B791DAC97D200DBE93B /* NSLayoutConstraint+MASDebugAdditions.h */ = {isa = PBXFileReference; fileEncoding = 4; lastKnownFileType = sourcecode.c.h; path = "NSLayoutConstraint+MASDebugAdditions.h"; sourceTree = "<group>"; };
		404C8B7A1DAC97D200DBE93B /* NSLayoutConstraint+MASDebugAdditions.m */ = {isa = PBXFileReference; fileEncoding = 4; lastKnownFileType = sourcecode.c.objc; path = "NSLayoutConstraint+MASDebugAdditions.m"; sourceTree = "<group>"; };
		404C8B7B1DAC97D200DBE93B /* View+MASAdditions.h */ = {isa = PBXFileReference; fileEncoding = 4; lastKnownFileType = sourcecode.c.h; path = "View+MASAdditions.h"; sourceTree = "<group>"; };
		404C8B7C1DAC97D200DBE93B /* View+MASAdditions.m */ = {isa = PBXFileReference; fileEncoding = 4; lastKnownFileType = sourcecode.c.objc; path = "View+MASAdditions.m"; sourceTree = "<group>"; };
		404C8B7D1DAC97D200DBE93B /* View+MASShorthandAdditions.h */ = {isa = PBXFileReference; fileEncoding = 4; lastKnownFileType = sourcecode.c.h; path = "View+MASShorthandAdditions.h"; sourceTree = "<group>"; };
		404C8B7E1DAC97D200DBE93B /* ViewController+MASAdditions.h */ = {isa = PBXFileReference; fileEncoding = 4; lastKnownFileType = sourcecode.c.h; path = "ViewController+MASAdditions.h"; sourceTree = "<group>"; };
		404C8B7F1DAC97D200DBE93B /* ViewController+MASAdditions.m */ = {isa = PBXFileReference; fileEncoding = 4; lastKnownFileType = sourcecode.c.objc; path = "ViewController+MASAdditions.m"; sourceTree = "<group>"; };
		404D9C001DAB8E5800C37987 /* ZLInfiniteScrollingView.h */ = {isa = PBXFileReference; fileEncoding = 4; lastKnownFileType = sourcecode.c.h; path = ZLInfiniteScrollingView.h; sourceTree = "<group>"; };
		404D9C011DAB8E5800C37987 /* ZLInfiniteScrollingView.m */ = {isa = PBXFileReference; fileEncoding = 4; lastKnownFileType = sourcecode.c.objc; path = ZLInfiniteScrollingView.m; sourceTree = "<group>"; };
		404D9C041DAB8EB600C37987 /* ZLInfiniteScrollingCell.h */ = {isa = PBXFileReference; fileEncoding = 4; lastKnownFileType = sourcecode.c.h; path = ZLInfiniteScrollingCell.h; sourceTree = "<group>"; };
		404D9C051DAB8EB600C37987 /* ZLInfiniteScrollingCell.m */ = {isa = PBXFileReference; fileEncoding = 4; lastKnownFileType = sourcecode.c.objc; path = ZLInfiniteScrollingCell.m; sourceTree = "<group>"; };
		404D9C071DAB939B00C37987 /* ZLDiscoverDetailViewController.h */ = {isa = PBXFileReference; fileEncoding = 4; lastKnownFileType = sourcecode.c.h; path = ZLDiscoverDetailViewController.h; sourceTree = "<group>"; };
		404D9C081DAB939B00C37987 /* ZLDiscoverDetailViewController.m */ = {isa = PBXFileReference; fileEncoding = 4; lastKnownFileType = sourcecode.c.objc; path = ZLDiscoverDetailViewController.m; sourceTree = "<group>"; };
		404D9C0B1DABA1DB00C37987 /* ZLBannerView.h */ = {isa = PBXFileReference; fileEncoding = 4; lastKnownFileType = sourcecode.c.h; path = ZLBannerView.h; sourceTree = "<group>"; };
		404D9C0C1DABA1DB00C37987 /* ZLBannerView.m */ = {isa = PBXFileReference; fileEncoding = 4; lastKnownFileType = sourcecode.c.objc; path = ZLBannerView.m; sourceTree = "<group>"; };
		404D9C0E1DABA25800C37987 /* ZLBannerCollectionViewCell.h */ = {isa = PBXFileReference; fileEncoding = 4; lastKnownFileType = sourcecode.c.h; path = ZLBannerCollectionViewCell.h; sourceTree = "<group>"; };
		404D9C0F1DABA25800C37987 /* ZLBannerCollectionViewCell.m */ = {isa = PBXFileReference; fileEncoding = 4; lastKnownFileType = sourcecode.c.objc; path = ZLBannerCollectionViewCell.m; sourceTree = "<group>"; };
		404D9C131DABAB3600C37987 /* MKAnnotationView+WebCache.h */ = {isa = PBXFileReference; fileEncoding = 4; lastKnownFileType = sourcecode.c.h; path = "MKAnnotationView+WebCache.h"; sourceTree = "<group>"; };
		404D9C141DABAB3600C37987 /* MKAnnotationView+WebCache.m */ = {isa = PBXFileReference; fileEncoding = 4; lastKnownFileType = sourcecode.c.objc; path = "MKAnnotationView+WebCache.m"; sourceTree = "<group>"; };
		404D9C151DABAB3600C37987 /* NSData+ImageContentType.h */ = {isa = PBXFileReference; fileEncoding = 4; lastKnownFileType = sourcecode.c.h; path = "NSData+ImageContentType.h"; sourceTree = "<group>"; };
		404D9C161DABAB3600C37987 /* NSData+ImageContentType.m */ = {isa = PBXFileReference; fileEncoding = 4; lastKnownFileType = sourcecode.c.objc; path = "NSData+ImageContentType.m"; sourceTree = "<group>"; };
		404D9C171DABAB3600C37987 /* SDImageCache.h */ = {isa = PBXFileReference; fileEncoding = 4; lastKnownFileType = sourcecode.c.h; path = SDImageCache.h; sourceTree = "<group>"; };
		404D9C181DABAB3600C37987 /* SDImageCache.m */ = {isa = PBXFileReference; fileEncoding = 4; lastKnownFileType = sourcecode.c.objc; path = SDImageCache.m; sourceTree = "<group>"; };
		404D9C191DABAB3600C37987 /* SDWebImageCompat.h */ = {isa = PBXFileReference; fileEncoding = 4; lastKnownFileType = sourcecode.c.h; path = SDWebImageCompat.h; sourceTree = "<group>"; };
		404D9C1A1DABAB3600C37987 /* SDWebImageCompat.m */ = {isa = PBXFileReference; fileEncoding = 4; lastKnownFileType = sourcecode.c.objc; path = SDWebImageCompat.m; sourceTree = "<group>"; };
		404D9C1B1DABAB3600C37987 /* SDWebImageDecoder.h */ = {isa = PBXFileReference; fileEncoding = 4; lastKnownFileType = sourcecode.c.h; path = SDWebImageDecoder.h; sourceTree = "<group>"; };
		404D9C1C1DABAB3600C37987 /* SDWebImageDecoder.m */ = {isa = PBXFileReference; fileEncoding = 4; lastKnownFileType = sourcecode.c.objc; path = SDWebImageDecoder.m; sourceTree = "<group>"; };
		404D9C1D1DABAB3600C37987 /* SDWebImageDownloader.h */ = {isa = PBXFileReference; fileEncoding = 4; lastKnownFileType = sourcecode.c.h; path = SDWebImageDownloader.h; sourceTree = "<group>"; };
		404D9C1E1DABAB3600C37987 /* SDWebImageDownloader.m */ = {isa = PBXFileReference; fileEncoding = 4; lastKnownFileType = sourcecode.c.objc; path = SDWebImageDownloader.m; sourceTree = "<group>"; };
		404D9C1F1DABAB3600C37987 /* SDWebImageDownloaderOperation.h */ = {isa = PBXFileReference; fileEncoding = 4; lastKnownFileType = sourcecode.c.h; path = SDWebImageDownloaderOperation.h; sourceTree = "<group>"; };
		404D9C201DABAB3600C37987 /* SDWebImageDownloaderOperation.m */ = {isa = PBXFileReference; fileEncoding = 4; lastKnownFileType = sourcecode.c.objc; path = SDWebImageDownloaderOperation.m; sourceTree = "<group>"; };
		404D9C211DABAB3600C37987 /* SDWebImageManager.h */ = {isa = PBXFileReference; fileEncoding = 4; lastKnownFileType = sourcecode.c.h; path = SDWebImageManager.h; sourceTree = "<group>"; };
		404D9C221DABAB3600C37987 /* SDWebImageManager.m */ = {isa = PBXFileReference; fileEncoding = 4; lastKnownFileType = sourcecode.c.objc; path = SDWebImageManager.m; sourceTree = "<group>"; };
		404D9C231DABAB3600C37987 /* SDWebImageOperation.h */ = {isa = PBXFileReference; fileEncoding = 4; lastKnownFileType = sourcecode.c.h; path = SDWebImageOperation.h; sourceTree = "<group>"; };
		404D9C241DABAB3600C37987 /* SDWebImagePrefetcher.h */ = {isa = PBXFileReference; fileEncoding = 4; lastKnownFileType = sourcecode.c.h; path = SDWebImagePrefetcher.h; sourceTree = "<group>"; };
		404D9C251DABAB3600C37987 /* SDWebImagePrefetcher.m */ = {isa = PBXFileReference; fileEncoding = 4; lastKnownFileType = sourcecode.c.objc; path = SDWebImagePrefetcher.m; sourceTree = "<group>"; };
		404D9C261DABAB3600C37987 /* UIButton+WebCache.h */ = {isa = PBXFileReference; fileEncoding = 4; lastKnownFileType = sourcecode.c.h; path = "UIButton+WebCache.h"; sourceTree = "<group>"; };
		404D9C271DABAB3600C37987 /* UIButton+WebCache.m */ = {isa = PBXFileReference; fileEncoding = 4; lastKnownFileType = sourcecode.c.objc; path = "UIButton+WebCache.m"; sourceTree = "<group>"; };
		404D9C281DABAB3600C37987 /* UIImage+GIF.h */ = {isa = PBXFileReference; fileEncoding = 4; lastKnownFileType = sourcecode.c.h; path = "UIImage+GIF.h"; sourceTree = "<group>"; };
		404D9C291DABAB3600C37987 /* UIImage+GIF.m */ = {isa = PBXFileReference; fileEncoding = 4; lastKnownFileType = sourcecode.c.objc; path = "UIImage+GIF.m"; sourceTree = "<group>"; };
		404D9C2A1DABAB3600C37987 /* UIImage+MultiFormat.h */ = {isa = PBXFileReference; fileEncoding = 4; lastKnownFileType = sourcecode.c.h; path = "UIImage+MultiFormat.h"; sourceTree = "<group>"; };
		404D9C2B1DABAB3600C37987 /* UIImage+MultiFormat.m */ = {isa = PBXFileReference; fileEncoding = 4; lastKnownFileType = sourcecode.c.objc; path = "UIImage+MultiFormat.m"; sourceTree = "<group>"; };
		404D9C2C1DABAB3600C37987 /* UIImage+WebP.h */ = {isa = PBXFileReference; fileEncoding = 4; lastKnownFileType = sourcecode.c.h; path = "UIImage+WebP.h"; sourceTree = "<group>"; };
		404D9C2D1DABAB3600C37987 /* UIImage+WebP.m */ = {isa = PBXFileReference; fileEncoding = 4; lastKnownFileType = sourcecode.c.objc; path = "UIImage+WebP.m"; sourceTree = "<group>"; };
		404D9C2E1DABAB3600C37987 /* UIImageView+HighlightedWebCache.h */ = {isa = PBXFileReference; fileEncoding = 4; lastKnownFileType = sourcecode.c.h; path = "UIImageView+HighlightedWebCache.h"; sourceTree = "<group>"; };
		404D9C2F1DABAB3600C37987 /* UIImageView+HighlightedWebCache.m */ = {isa = PBXFileReference; fileEncoding = 4; lastKnownFileType = sourcecode.c.objc; path = "UIImageView+HighlightedWebCache.m"; sourceTree = "<group>"; };
		404D9C301DABAB3600C37987 /* UIImageView+WebCache.h */ = {isa = PBXFileReference; fileEncoding = 4; lastKnownFileType = sourcecode.c.h; path = "UIImageView+WebCache.h"; sourceTree = "<group>"; };
		404D9C311DABAB3600C37987 /* UIImageView+WebCache.m */ = {isa = PBXFileReference; fileEncoding = 4; lastKnownFileType = sourcecode.c.objc; path = "UIImageView+WebCache.m"; sourceTree = "<group>"; };
		404D9C321DABAB3600C37987 /* UIView+WebCacheOperation.h */ = {isa = PBXFileReference; fileEncoding = 4; lastKnownFileType = sourcecode.c.h; path = "UIView+WebCacheOperation.h"; sourceTree = "<group>"; };
		404D9C331DABAB3600C37987 /* UIView+WebCacheOperation.m */ = {isa = PBXFileReference; fileEncoding = 4; lastKnownFileType = sourcecode.c.objc; path = "UIView+WebCacheOperation.m"; sourceTree = "<group>"; };
		408738681DBDF83700495F61 /* ZLSharingMenuViewController.h */ = {isa = PBXFileReference; fileEncoding = 4; lastKnownFileType = sourcecode.c.h; path = ZLSharingMenuViewController.h; sourceTree = "<group>"; };
		408738691DBDF83700495F61 /* ZLSharingMenuViewController.m */ = {isa = PBXFileReference; fileEncoding = 4; lastKnownFileType = sourcecode.c.objc; path = ZLSharingMenuViewController.m; sourceTree = "<group>"; };
		4088938B1DAAA3BD00726C6E /* ZLDiscoverCollectionViewCell.h */ = {isa = PBXFileReference; fileEncoding = 4; lastKnownFileType = sourcecode.c.h; path = ZLDiscoverCollectionViewCell.h; sourceTree = "<group>"; };
		4088938C1DAAA3BD00726C6E /* ZLDiscoverCollectionViewCell.m */ = {isa = PBXFileReference; fileEncoding = 4; lastKnownFileType = sourcecode.c.objc; path = ZLDiscoverCollectionViewCell.m; sourceTree = "<group>"; };
/* End PBXFileReference section */

/* Begin PBXFrameworksBuildPhase section */
		404AA9CB1DA9DCCA001EA811 /* Frameworks */ = {
			isa = PBXFrameworksBuildPhase;
			buildActionMask = 2147483647;
			files = (
			);
			runOnlyForDeploymentPostprocessing = 0;
		};
/* End PBXFrameworksBuildPhase section */

/* Begin PBXGroup section */
		404AA9C51DA9DCCA001EA811 = {
			isa = PBXGroup;
			children = (
				404AA9D01DA9DCCA001EA811 /* Tutorial-UICollectionView */,
				404AA9CF1DA9DCCA001EA811 /* Products */,
			);
			sourceTree = "<group>";
		};
		404AA9CF1DA9DCCA001EA811 /* Products */ = {
			isa = PBXGroup;
			children = (
				404AA9CE1DA9DCCA001EA811 /* Tutorial-UICollectionView.app */,
			);
			name = Products;
			sourceTree = "<group>";
		};
		404AA9D01DA9DCCA001EA811 /* Tutorial-UICollectionView */ = {
			isa = PBXGroup;
			children = (
				404D9C111DABAB2000C37987 /* Vender */,
				408893921DAAA41100726C6E /* Controllers */,
				408893911DAAA3F000726C6E /* Views */,
				404AA9D11DA9DCCA001EA811 /* Supporting Files */,
				40434BE51DBF244C003AEED5 /* ZLPhotoManager.h */,
				40434BE61DBF244C003AEED5 /* ZLPhotoManager.m */,
			);
			path = "Tutorial-UICollectionView";
			sourceTree = "<group>";
		};
		404AA9D11DA9DCCA001EA811 /* Supporting Files */ = {
			isa = PBXGroup;
			children = (
				404AA9D41DA9DCCA001EA811 /* AppDelegate.h */,
				404AA9D51DA9DCCA001EA811 /* AppDelegate.m */,
				404AA9DD1DA9DCCA001EA811 /* Assets.xcassets */,
				404AA9E21DA9DCCA001EA811 /* Info.plist */,
				404AA9D21DA9DCCA001EA811 /* main.m */,
			);
			name = "Supporting Files";
			sourceTree = "<group>";
		};
		404C8B591DAC86D100DBE93B /* ZLPhotoPreviewView */ = {
			isa = PBXGroup;
			children = (
				404C8B5A1DAC871E00DBE93B /* ZLPhotoPreviewView.h */,
				404C8B5B1DAC871E00DBE93B /* ZLPhotoPreviewView.m */,
				404C8B5D1DAC879000DBE93B /* ZLPhotoPreviewViewCollectionViewCell.h */,
				404C8B5E1DAC879000DBE93B /* ZLPhotoPreviewViewCollectionViewCell.m */,
				404C8B601DAC88FF00DBE93B /* ZLPhotoPreviewViewModel.h */,
				404C8B611DAC88FF00DBE93B /* ZLPhotoPreviewViewModel.m */,
			);
			name = ZLPhotoPreviewView;
			sourceTree = "<group>";
		};
		404C8B661DAC97D200DBE93B /* Masonry */ = {
			isa = PBXGroup;
			children = (
				404C8B671DAC97D200DBE93B /* MASCompositeConstraint.h */,
				404C8B681DAC97D200DBE93B /* MASCompositeConstraint.m */,
				404C8B691DAC97D200DBE93B /* MASConstraint+Private.h */,
				404C8B6A1DAC97D200DBE93B /* MASConstraint.h */,
				404C8B6B1DAC97D200DBE93B /* MASConstraint.m */,
				404C8B6C1DAC97D200DBE93B /* MASConstraintMaker.h */,
				404C8B6D1DAC97D200DBE93B /* MASConstraintMaker.m */,
				404C8B6E1DAC97D200DBE93B /* MASLayoutConstraint.h */,
				404C8B6F1DAC97D200DBE93B /* MASLayoutConstraint.m */,
				404C8B701DAC97D200DBE93B /* Masonry.h */,
				404C8B711DAC97D200DBE93B /* MASUtilities.h */,
				404C8B721DAC97D200DBE93B /* MASViewAttribute.h */,
				404C8B731DAC97D200DBE93B /* MASViewAttribute.m */,
				404C8B741DAC97D200DBE93B /* MASViewConstraint.h */,
				404C8B751DAC97D200DBE93B /* MASViewConstraint.m */,
				404C8B761DAC97D200DBE93B /* NSArray+MASAdditions.h */,
				404C8B771DAC97D200DBE93B /* NSArray+MASAdditions.m */,
				404C8B781DAC97D200DBE93B /* NSArray+MASShorthandAdditions.h */,
				404C8B791DAC97D200DBE93B /* NSLayoutConstraint+MASDebugAdditions.h */,
				404C8B7A1DAC97D200DBE93B /* NSLayoutConstraint+MASDebugAdditions.m */,
				404C8B7B1DAC97D200DBE93B /* View+MASAdditions.h */,
				404C8B7C1DAC97D200DBE93B /* View+MASAdditions.m */,
				404C8B7D1DAC97D200DBE93B /* View+MASShorthandAdditions.h */,
				404C8B7E1DAC97D200DBE93B /* ViewController+MASAdditions.h */,
				404C8B7F1DAC97D200DBE93B /* ViewController+MASAdditions.m */,
			);
			path = Masonry;
			sourceTree = "<group>";
		};
		404D9C031DAB8E9000C37987 /* ZLInfiniteScrollingView */ = {
			isa = PBXGroup;
			children = (
				404D9C001DAB8E5800C37987 /* ZLInfiniteScrollingView.h */,
				404D9C011DAB8E5800C37987 /* ZLInfiniteScrollingView.m */,
				404D9C041DAB8EB600C37987 /* ZLInfiniteScrollingCell.h */,
				404D9C051DAB8EB600C37987 /* ZLInfiniteScrollingCell.m */,
			);
			name = ZLInfiniteScrollingView;
			sourceTree = "<group>";
		};
		404D9C0A1DABA1C100C37987 /* ZLBannerView */ = {
			isa = PBXGroup;
			children = (
				404D9C0B1DABA1DB00C37987 /* ZLBannerView.h */,
				404D9C0C1DABA1DB00C37987 /* ZLBannerView.m */,
				404D9C0E1DABA25800C37987 /* ZLBannerCollectionViewCell.h */,
				404D9C0F1DABA25800C37987 /* ZLBannerCollectionViewCell.m */,
			);
			name = ZLBannerView;
			sourceTree = "<group>";
		};
		404D9C111DABAB2000C37987 /* Vender */ = {
			isa = PBXGroup;
			children = (
				404C8B661DAC97D200DBE93B /* Masonry */,
				404D9C121DABAB3600C37987 /* SDWebImage */,
			);
			name = Vender;
			sourceTree = "<group>";
		};
		404D9C121DABAB3600C37987 /* SDWebImage */ = {
			isa = PBXGroup;
			children = (
				404D9C131DABAB3600C37987 /* MKAnnotationView+WebCache.h */,
				404D9C141DABAB3600C37987 /* MKAnnotationView+WebCache.m */,
				404D9C151DABAB3600C37987 /* NSData+ImageContentType.h */,
				404D9C161DABAB3600C37987 /* NSData+ImageContentType.m */,
				404D9C171DABAB3600C37987 /* SDImageCache.h */,
				404D9C181DABAB3600C37987 /* SDImageCache.m */,
				404D9C191DABAB3600C37987 /* SDWebImageCompat.h */,
				404D9C1A1DABAB3600C37987 /* SDWebImageCompat.m */,
				404D9C1B1DABAB3600C37987 /* SDWebImageDecoder.h */,
				404D9C1C1DABAB3600C37987 /* SDWebImageDecoder.m */,
				404D9C1D1DABAB3600C37987 /* SDWebImageDownloader.h */,
				404D9C1E1DABAB3600C37987 /* SDWebImageDownloader.m */,
				404D9C1F1DABAB3600C37987 /* SDWebImageDownloaderOperation.h */,
				404D9C201DABAB3600C37987 /* SDWebImageDownloaderOperation.m */,
				404D9C211DABAB3600C37987 /* SDWebImageManager.h */,
				404D9C221DABAB3600C37987 /* SDWebImageManager.m */,
				404D9C231DABAB3600C37987 /* SDWebImageOperation.h */,
				404D9C241DABAB3600C37987 /* SDWebImagePrefetcher.h */,
				404D9C251DABAB3600C37987 /* SDWebImagePrefetcher.m */,
				404D9C261DABAB3600C37987 /* UIButton+WebCache.h */,
				404D9C271DABAB3600C37987 /* UIButton+WebCache.m */,
				404D9C281DABAB3600C37987 /* UIImage+GIF.h */,
				404D9C291DABAB3600C37987 /* UIImage+GIF.m */,
				404D9C2A1DABAB3600C37987 /* UIImage+MultiFormat.h */,
				404D9C2B1DABAB3600C37987 /* UIImage+MultiFormat.m */,
				404D9C2C1DABAB3600C37987 /* UIImage+WebP.h */,
				404D9C2D1DABAB3600C37987 /* UIImage+WebP.m */,
				404D9C2E1DABAB3600C37987 /* UIImageView+HighlightedWebCache.h */,
				404D9C2F1DABAB3600C37987 /* UIImageView+HighlightedWebCache.m */,
				404D9C301DABAB3600C37987 /* UIImageView+WebCache.h */,
				404D9C311DABAB3600C37987 /* UIImageView+WebCache.m */,
				404D9C321DABAB3600C37987 /* UIView+WebCacheOperation.h */,
				404D9C331DABAB3600C37987 /* UIView+WebCacheOperation.m */,
			);
			path = SDWebImage;
			sourceTree = "<group>";
		};
		408738641DBDF47900495F61 /* ZLSharingMenu */ = {
			isa = PBXGroup;
			children = (
				408738681DBDF83700495F61 /* ZLSharingMenuViewController.h */,
				408738691DBDF83700495F61 /* ZLSharingMenuViewController.m */,
			);
			name = ZLSharingMenu;
			sourceTree = "<group>";
		};
		4088938E1DAAA3CB00726C6E /* Layouts */ = {
			isa = PBXGroup;
			children = (
				408738641DBDF47900495F61 /* ZLSharingMenu */,
				404C8B591DAC86D100DBE93B /* ZLPhotoPreviewView */,
				404D9C0A1DABA1C100C37987 /* ZLBannerView */,
				404D9C031DAB8E9000C37987 /* ZLInfiniteScrollingView */,
				404AA9F21DAA578D001EA811 /* ZLAdCollectionReusableView.h */,
				404AA9F31DAA578D001EA811 /* ZLAdCollectionReusableView.m */,
				404AA9F51DAA57B0001EA811 /* ZLMemberCollectionReusableView.h */,
				404AA9F61DAA57B0001EA811 /* ZLMemberCollectionReusableView.m */,
			);
			name = Layouts;
			sourceTree = "<group>";
		};
		4088938F1DAAA3DD00726C6E /* Cells */ = {
			isa = PBXGroup;
			children = (
				404AA9DF1DA9DCCA001EA811 /* LaunchScreen.storyboard */,
				4088938B1DAAA3BD00726C6E /* ZLDiscoverCollectionViewCell.h */,
				4088938C1DAAA3BD00726C6E /* ZLDiscoverCollectionViewCell.m */,
			);
			name = Cells;
			sourceTree = "<group>";
		};
		408893911DAAA3F000726C6E /* Views */ = {
			isa = PBXGroup;
			children = (
				4088938E1DAAA3CB00726C6E /* Layouts */,
				4088938F1DAAA3DD00726C6E /* Cells */,
			);
			name = Views;
			sourceTree = "<group>";
		};
		408893921DAAA41100726C6E /* Controllers */ = {
			isa = PBXGroup;
			children = (
				404AA9D71DA9DCCA001EA811 /* ViewController.h */,
				404AA9D81DA9DCCA001EA811 /* ViewController.m */,
				404AA9EF1DAA5748001EA811 /* ZLDiscoverCollectionViewController.h */,
				404AA9F01DAA5748001EA811 /* ZLDiscoverCollectionViewController.m */,
				404D9C071DAB939B00C37987 /* ZLDiscoverDetailViewController.h */,
				404D9C081DAB939B00C37987 /* ZLDiscoverDetailViewController.m */,
				404C8B631DAC8C1E00DBE93B /* ZLPhotoPreviewViewController.h */,
				404C8B641DAC8C1E00DBE93B /* ZLPhotoPreviewViewController.m */,
			);
			name = Controllers;
			sourceTree = "<group>";
		};
/* End PBXGroup section */

/* Begin PBXNativeTarget section */
		404AA9CD1DA9DCCA001EA811 /* Tutorial-UICollectionView */ = {
			isa = PBXNativeTarget;
			buildConfigurationList = 404AA9E51DA9DCCA001EA811 /* Build configuration list for PBXNativeTarget "Tutorial-UICollectionView" */;
			buildPhases = (
				404AA9CA1DA9DCCA001EA811 /* Sources */,
				404AA9CB1DA9DCCA001EA811 /* Frameworks */,
				404AA9CC1DA9DCCA001EA811 /* Resources */,
			);
			buildRules = (
			);
			dependencies = (
			);
			name = "Tutorial-UICollectionView";
			productName = "Tutorial-UICollectionView";
			productReference = 404AA9CE1DA9DCCA001EA811 /* Tutorial-UICollectionView.app */;
			productType = "com.apple.product-type.application";
		};
/* End PBXNativeTarget section */

/* Begin PBXProject section */
		404AA9C61DA9DCCA001EA811 /* Project object */ = {
			isa = PBXProject;
			attributes = {
				CLASSPREFIX = ZL;
				LastUpgradeCheck = 0730;
				ORGANIZATIONNAME = ANGELEN;
				TargetAttributes = {
					404AA9CD1DA9DCCA001EA811 = {
						CreatedOnToolsVersion = 7.3.1;
					};
				};
			};
			buildConfigurationList = 404AA9C91DA9DCCA001EA811 /* Build configuration list for PBXProject "Tutorial-UICollectionView" */;
			compatibilityVersion = "Xcode 6.3";
			developmentRegion = English;
			hasScannedForEncodings = 0;
			knownRegions = (
				en,
				Base,
			);
			mainGroup = 404AA9C51DA9DCCA001EA811;
			productRefGroup = 404AA9CF1DA9DCCA001EA811 /* Products */;
			projectDirPath = "";
			projectRoot = "";
			targets = (
				404AA9CD1DA9DCCA001EA811 /* Tutorial-UICollectionView */,
			);
		};
/* End PBXProject section */

/* Begin PBXResourcesBuildPhase section */
		404AA9CC1DA9DCCA001EA811 /* Resources */ = {
			isa = PBXResourcesBuildPhase;
			buildActionMask = 2147483647;
			files = (
				404AA9E11DA9DCCA001EA811 /* LaunchScreen.storyboard in Resources */,
				404AA9DE1DA9DCCA001EA811 /* Assets.xcassets in Resources */,
			);
			runOnlyForDeploymentPostprocessing = 0;
		};
/* End PBXResourcesBuildPhase section */

/* Begin PBXSourcesBuildPhase section */
		404AA9CA1DA9DCCA001EA811 /* Sources */ = {
			isa = PBXSourcesBuildPhase;
			buildActionMask = 2147483647;
			files = (
				404D9C091DAB939B00C37987 /* ZLDiscoverDetailViewController.m in Sources */,
				404D9C061DAB8EB600C37987 /* ZLInfiniteScrollingCell.m in Sources */,
				404C8B861DAC97D200DBE93B /* NSArray+MASAdditions.m in Sources */,
				404C8B881DAC97D200DBE93B /* View+MASAdditions.m in Sources */,
				404D9C401DABAB3600C37987 /* UIImage+WebP.m in Sources */,
				404C8B851DAC97D200DBE93B /* MASViewConstraint.m in Sources */,
				404D9C101DABA25800C37987 /* ZLBannerCollectionViewCell.m in Sources */,
				404D9C3D1DABAB3600C37987 /* UIButton+WebCache.m in Sources */,
				404C8B5C1DAC871E00DBE93B /* ZLPhotoPreviewView.m in Sources */,
				404D9C3A1DABAB3600C37987 /* SDWebImageDownloaderOperation.m in Sources */,
				404C8B5F1DAC879000DBE93B /* ZLPhotoPreviewViewCollectionViewCell.m in Sources */,
				404D9C0D1DABA1DB00C37987 /* ZLBannerView.m in Sources */,
				404D9C361DABAB3600C37987 /* SDImageCache.m in Sources */,
				404C8B651DAC8C1E00DBE93B /* ZLPhotoPreviewViewController.m in Sources */,
				404D9C351DABAB3600C37987 /* NSData+ImageContentType.m in Sources */,
				404D9C021DAB8E5800C37987 /* ZLInfiniteScrollingView.m in Sources */,
				404D9C381DABAB3600C37987 /* SDWebImageDecoder.m in Sources */,
				404AA9D91DA9DCCA001EA811 /* ViewController.m in Sources */,
				404D9C411DABAB3600C37987 /* UIImageView+HighlightedWebCache.m in Sources */,
				404C8B841DAC97D200DBE93B /* MASViewAttribute.m in Sources */,
				404C8B831DAC97D200DBE93B /* MASLayoutConstraint.m in Sources */,
				404C8B801DAC97D200DBE93B /* MASCompositeConstraint.m in Sources */,
				404C8B621DAC88FF00DBE93B /* ZLPhotoPreviewViewModel.m in Sources */,
				404AA9D61DA9DCCA001EA811 /* AppDelegate.m in Sources */,
				404C8B871DAC97D200DBE93B /* NSLayoutConstraint+MASDebugAdditions.m in Sources */,
				404D9C391DABAB3600C37987 /* SDWebImageDownloader.m in Sources */,
				4087386A1DBDF83700495F61 /* ZLSharingMenuViewController.m in Sources */,
				404D9C371DABAB3600C37987 /* SDWebImageCompat.m in Sources */,
				404C8B821DAC97D200DBE93B /* MASConstraintMaker.m in Sources */,
				404AA9F41DAA578D001EA811 /* ZLAdCollectionReusableView.m in Sources */,
				404D9C3E1DABAB3600C37987 /* UIImage+GIF.m in Sources */,
				404D9C3F1DABAB3600C37987 /* UIImage+MultiFormat.m in Sources */,
				4088938D1DAAA3BD00726C6E /* ZLDiscoverCollectionViewCell.m in Sources */,
				404C8B891DAC97D200DBE93B /* ViewController+MASAdditions.m in Sources */,
				404D9C3C1DABAB3600C37987 /* SDWebImagePrefetcher.m in Sources */,
				404AA9D31DA9DCCA001EA811 /* main.m in Sources */,
				404D9C341DABAB3600C37987 /* MKAnnotationView+WebCache.m in Sources */,
				404D9C421DABAB3600C37987 /* UIImageView+WebCache.m in Sources */,
				40434BE71DBF244C003AEED5 /* ZLPhotoManager.m in Sources */,
				404D9C431DABAB3600C37987 /* UIView+WebCacheOperation.m in Sources */,
				404D9C3B1DABAB3600C37987 /* SDWebImageManager.m in Sources */,
				404AA9F71DAA57B0001EA811 /* ZLMemberCollectionReusableView.m in Sources */,
				404C8B811DAC97D200DBE93B /* MASConstraint.m in Sources */,
				404AA9F11DAA5748001EA811 /* ZLDiscoverCollectionViewController.m in Sources */,
			);
			runOnlyForDeploymentPostprocessing = 0;
		};
/* End PBXSourcesBuildPhase section */

/* Begin PBXVariantGroup section */
		404AA9DF1DA9DCCA001EA811 /* LaunchScreen.storyboard */ = {
			isa = PBXVariantGroup;
			children = (
				404AA9E01DA9DCCA001EA811 /* Base */,
			);
			name = LaunchScreen.storyboard;
			sourceTree = "<group>";
		};
/* End PBXVariantGroup section */

/* Begin XCBuildConfiguration section */
		404AA9E31DA9DCCA001EA811 /* Debug */ = {
			isa = XCBuildConfiguration;
			buildSettings = {
				ALWAYS_SEARCH_USER_PATHS = NO;
				CLANG_ANALYZER_NONNULL = YES;
				CLANG_CXX_LANGUAGE_STANDARD = "gnu++0x";
				CLANG_CXX_LIBRARY = "libc++";
				CLANG_ENABLE_MODULES = YES;
				CLANG_ENABLE_OBJC_ARC = YES;
				CLANG_WARN_BOOL_CONVERSION = YES;
				CLANG_WARN_CONSTANT_CONVERSION = YES;
				CLANG_WARN_DIRECT_OBJC_ISA_USAGE = YES_ERROR;
				CLANG_WARN_EMPTY_BODY = YES;
				CLANG_WARN_ENUM_CONVERSION = YES;
				CLANG_WARN_INT_CONVERSION = YES;
				CLANG_WARN_OBJC_ROOT_CLASS = YES_ERROR;
				CLANG_WARN_UNREACHABLE_CODE = YES;
				CLANG_WARN__DUPLICATE_METHOD_MATCH = YES;
				"CODE_SIGN_IDENTITY[sdk=iphoneos*]" = "iPhone Developer";
				COPY_PHASE_STRIP = NO;
				DEBUG_INFORMATION_FORMAT = dwarf;
				ENABLE_STRICT_OBJC_MSGSEND = YES;
				ENABLE_TESTABILITY = YES;
				GCC_C_LANGUAGE_STANDARD = gnu99;
				GCC_DYNAMIC_NO_PIC = NO;
				GCC_NO_COMMON_BLOCKS = YES;
				GCC_OPTIMIZATION_LEVEL = 0;
				GCC_PREPROCESSOR_DEFINITIONS = (
					"DEBUG=1",
					"$(inherited)",
				);
				GCC_WARN_64_TO_32_BIT_CONVERSION = YES;
				GCC_WARN_ABOUT_RETURN_TYPE = YES_ERROR;
				GCC_WARN_UNDECLARED_SELECTOR = YES;
				GCC_WARN_UNINITIALIZED_AUTOS = YES_AGGRESSIVE;
				GCC_WARN_UNUSED_FUNCTION = YES;
				GCC_WARN_UNUSED_VARIABLE = YES;
				IPHONEOS_DEPLOYMENT_TARGET = 9.3;
				MTL_ENABLE_DEBUG_INFO = YES;
				ONLY_ACTIVE_ARCH = YES;
				SDKROOT = iphoneos;
				TARGETED_DEVICE_FAMILY = "1,2";
			};
			name = Debug;
		};
		404AA9E41DA9DCCA001EA811 /* Release */ = {
			isa = XCBuildConfiguration;
			buildSettings = {
				ALWAYS_SEARCH_USER_PATHS = NO;
				CLANG_ANALYZER_NONNULL = YES;
				CLANG_CXX_LANGUAGE_STANDARD = "gnu++0x";
				CLANG_CXX_LIBRARY = "libc++";
				CLANG_ENABLE_MODULES = YES;
				CLANG_ENABLE_OBJC_ARC = YES;
				CLANG_WARN_BOOL_CONVERSION = YES;
				CLANG_WARN_CONSTANT_CONVERSION = YES;
				CLANG_WARN_DIRECT_OBJC_ISA_USAGE = YES_ERROR;
				CLANG_WARN_EMPTY_BODY = YES;
				CLANG_WARN_ENUM_CONVERSION = YES;
				CLANG_WARN_INT_CONVERSION = YES;
				CLANG_WARN_OBJC_ROOT_CLASS = YES_ERROR;
				CLANG_WARN_UNREACHABLE_CODE = YES;
				CLANG_WARN__DUPLICATE_METHOD_MATCH = YES;
				"CODE_SIGN_IDENTITY[sdk=iphoneos*]" = "iPhone Developer";
				COPY_PHASE_STRIP = NO;
				DEBUG_INFORMATION_FORMAT = "dwarf-with-dsym";
				ENABLE_NS_ASSERTIONS = NO;
				ENABLE_STRICT_OBJC_MSGSEND = YES;
				GCC_C_LANGUAGE_STANDARD = gnu99;
				GCC_NO_COMMON_BLOCKS = YES;
				GCC_WARN_64_TO_32_BIT_CONVERSION = YES;
				GCC_WARN_ABOUT_RETURN_TYPE = YES_ERROR;
				GCC_WARN_UNDECLARED_SELECTOR = YES;
				GCC_WARN_UNINITIALIZED_AUTOS = YES_AGGRESSIVE;
				GCC_WARN_UNUSED_FUNCTION = YES;
				GCC_WARN_UNUSED_VARIABLE = YES;
				IPHONEOS_DEPLOYMENT_TARGET = 9.3;
				MTL_ENABLE_DEBUG_INFO = NO;
				SDKROOT = iphoneos;
				TARGETED_DEVICE_FAMILY = "1,2";
				VALIDATE_PRODUCT = YES;
			};
			name = Release;
		};
		404AA9E61DA9DCCA001EA811 /* Debug */ = {
			isa = XCBuildConfiguration;
			buildSettings = {
				ASSETCATALOG_COMPILER_APPICON_NAME = AppIcon;
				INFOPLIST_FILE = "Tutorial-UICollectionView/Info.plist";
				LD_RUNPATH_SEARCH_PATHS = "$(inherited) @executable_path/Frameworks";
				PRODUCT_BUNDLE_IDENTIFIER = "me.angelen.Tutorial-UICollectionView";
				PRODUCT_NAME = "$(TARGET_NAME)";
			};
			name = Debug;
		};
		404AA9E71DA9DCCA001EA811 /* Release */ = {
			isa = XCBuildConfiguration;
			buildSettings = {
				ASSETCATALOG_COMPILER_APPICON_NAME = AppIcon;
				INFOPLIST_FILE = "Tutorial-UICollectionView/Info.plist";
				LD_RUNPATH_SEARCH_PATHS = "$(inherited) @executable_path/Frameworks";
				PRODUCT_BUNDLE_IDENTIFIER = "me.angelen.Tutorial-UICollectionView";
				PRODUCT_NAME = "$(TARGET_NAME)";
			};
			name = Release;
		};
/* End XCBuildConfiguration section */

/* Begin XCConfigurationList section */
		404AA9C91DA9DCCA001EA811 /* Build configuration list for PBXProject "Tutorial-UICollectionView" */ = {
			isa = XCConfigurationList;
			buildConfigurations = (
				404AA9E31DA9DCCA001EA811 /* Debug */,
				404AA9E41DA9DCCA001EA811 /* Release */,
			);
			defaultConfigurationIsVisible = 0;
			defaultConfigurationName = Release;
		};
		404AA9E51DA9DCCA001EA811 /* Build configuration list for PBXNativeTarget "Tutorial-UICollectionView" */ = {
			isa = XCConfigurationList;
			buildConfigurations = (
				404AA9E61DA9DCCA001EA811 /* Debug */,
				404AA9E71DA9DCCA001EA811 /* Release */,
			);
			defaultConfigurationIsVisible = 0;
			defaultConfigurationName = Release;
		};
/* End XCConfigurationList section */
	};
	rootObject = 404AA9C61DA9DCCA001EA811 /* Project object */;
}
